
Microsoft Visual Studio Solution File, Format Version 12.00
# Visual Studio Version 17
VisualStudioVersion = 17.10.35027.167
MinimumVisualStudioVersion = 10.0.40219.1
Project("{FAE04EC0-301F-11D3-BF4B-00C04F79EFBC}") = "PipeT", "PipeT\PipeT.csproj", "{3DC35A0C-3014-4651-B228-983453B567DE}"
EndProject
Global
	GlobalSection(SolutionConfigurationPlatforms) = preSolution
		Debug|Any CPU = Debug|Any CPU
		Release|Any CPU = Release|Any CPU
	EndGlobalSection
	GlobalSection(ProjectConfigurationPlatforms) = postSolution
		{3DC35A0C-3014-4651-B228-983453B567DE}.Debug|Any CPU.ActiveCfg = Debug|Any CPU
		{3DC35A0C-3014-4651-B228-983453B567DE}.Debug|Any CPU.Build.0 = Debug|Any CPU
		{3DC35A0C-3014-4651-B228-983453B567DE}.Release|Any CPU.ActiveCfg = Release|Any CPU
		{3DC35A0C-3014-4651-B228-983453B567DE}.Release|Any CPU.Build.0 = Release|Any CPU
	EndGlobalSection
	GlobalSection(SolutionProperties) = preSolution
		HideSolutionNode = FALSE
	EndGlobalSection
	GlobalSection(ExtensibilityGlobals) = postSolution
		SolutionGuid = {8B59BF32-F20B-4FAB-A949-97FCB63A06E8}
	EndGlobalSection
EndGlobal
